PODS:
  - MotionAnimation (0.1.2)

DEPENDENCIES:
  - MotionAnimation (from `https://github.com/lkzhao/MotionAnimation.git`)

EXTERNAL SOURCES:
  MotionAnimation:
    :git: https://github.com/lkzhao/MotionAnimation.git

CHECKOUT OPTIONS:
  MotionAnimation:
    :commit: 0eb70b43c01de67fa7e2bf5e3824d407753f05d3
    :git: https://github.com/lkzhao/MotionAnimation.git

SPEC CHECKSUMS:
  MotionAnimation: 0257eb90f766f6d58c70524f956faf8d56c5e7bf

PODFILE CHECKSUM: e1e517384d0ce118e38f6370b843454567a49562

COCOAPODS: 1.1.1
